{
    "name": "samples-ts",
    "version": "1.0.0",
    "lockfileVersion": 2,
    "requires": true,
    "packages": {
        "": {
            "name": "samples-ts",
            "version": "1.0.0",
            "dependencies": {
                "durable-functions": "^3.0.0-alpha.2",
                "luxon": "^3.2.1"
            },
            "devDependencies": {
                "@azure/functions": "file:../../../nodejs-worker/library",
                "@types/luxon": "^3.2.0",
                "@types/node": "16.x",
                "typescript": "^4.0.0"
            }
        },
        "../../../nodejs-worker/library": {
            "name": "@azure/functions",
            "version": "4.0.0-alpha.6",
            "dev": true,
            "license": "MIT",
            "dependencies": {
                "long": "^4.0.0",
                "undici": "^5.13.0"
            },
            "devDependencies": {
                "@types/chai": "^4.2.22",
                "@types/chai-as-promised": "^7.1.5",
                "@types/fs-extra": "^9.0.13",
                "@types/long": "^4.0.2",
                "@types/minimist": "^1.2.2",
                "@types/mocha": "^9.1.1",
                "@types/node": "^18.0.0",
                "@types/semver": "^7.3.9",
                "@typescript-eslint/eslint-plugin": "^5.12.1",
                "@typescript-eslint/parser": "^5.12.1",
                "chai": "^4.2.0",
                "chai-as-promised": "^7.1.1",
                "eslint": "^7.32.0",
                "eslint-config-prettier": "^8.3.0",
                "eslint-plugin-deprecation": "^1.3.2",
                "eslint-plugin-header": "^3.1.1",
                "eslint-plugin-prettier": "^4.0.0",
                "eslint-webpack-plugin": "^3.2.0",
                "fork-ts-checker-webpack-plugin": "^7.2.13",
                "fs-extra": "^10.0.1",
                "globby": "^11.0.0",
                "minimist": "^1.2.6",
                "mocha": "^9.1.1",
                "mocha-junit-reporter": "^2.0.2",
                "mocha-multi-reporters": "^1.5.1",
                "prettier": "^2.4.1",
                "semver": "^7.3.5",
                "ts-loader": "^9.3.1",
                "ts-node": "^3.3.0",
                "typescript": "^4.5.5",
                "typescript4": "npm:typescript@~4.0.0",
                "webpack": "^5.74.0",
                "webpack-cli": "^4.10.0"
            },
            "engines": {
                "node": ">=18.0"
            }
        },
        "node_modules/@azure/functions": {
            "resolved": "../../../nodejs-worker/library",
            "link": true
        },
        "node_modules/@types/luxon": {
            "version": "3.2.0",
            "resolved": "https://registry.npmjs.org/@types/luxon/-/luxon-3.2.0.tgz",
            "integrity": "sha512-lGmaGFoaXHuOLXFvuju2bfvZRqxAqkHPx9Y9IQdQABrinJJshJwfNCKV+u7rR3kJbiqfTF/NhOkcxxAFrObyaA==",
            "dev": true
        },
        "node_modules/@types/node": {
            "version": "16.18.11",
            "resolved": "https://registry.npmjs.org/@types/node/-/node-16.18.11.tgz",
            "integrity": "sha512-3oJbGBUWuS6ahSnEq1eN2XrCyf4YsWI8OyCvo7c64zQJNplk3mO84t53o8lfTk+2ji59g5ycfc6qQ3fdHliHuA==",
            "dev": true
        },
        "node_modules/axios": {
            "version": "0.21.4",
            "resolved": "https://registry.npmjs.org/axios/-/axios-0.21.4.tgz",
            "integrity": "sha512-ut5vewkiu8jjGBdqpM44XxjuCjq9LAKeHVmoVfHVzy8eHgxxq8SbAVQNovDA8mVi05kP0Ea/n/UzcSHcTJQfNg==",
            "dependencies": {
                "follow-redirects": "^1.14.0"
            }
        },
        "node_modules/busboy": {
            "version": "1.6.0",
            "resolved": "https://registry.npmjs.org/busboy/-/busboy-1.6.0.tgz",
            "integrity": "sha512-8SFQbg/0hQ9xy3UNTB0YEnsNBbWfhf7RtnzpL7TkBiTBRfrQ9Fxcnz7VJsleJpyp6rVLvXiuORqjlHi5q+PYuA==",
            "dependencies": {
                "streamsearch": "^1.1.0"
            },
            "engines": {
                "node": ">=10.16.0"
            }
        },
        "node_modules/debug": {
            "version": "2.6.9",
            "resolved": "https://registry.npmjs.org/debug/-/debug-2.6.9.tgz",
            "integrity": "sha512-bC7ElrdJaJnPbAP+1EotYvqZsb3ecl5wi6Bfi6BJTUcNowp6cvspg0jXznRTKDjm/E7AdgFBVeAPVMNcKGsHMA==",
            "dependencies": {
                "ms": "2.0.0"
            }
        },
        "node_modules/durable-functions": {
            "version": "3.0.0-alpha.2",
            "resolved": "https://registry.npmjs.org/durable-functions/-/durable-functions-3.0.0-alpha.2.tgz",
            "integrity": "sha512-9WYt2VNr0Ti40PfGwfhGJkfRQK2xQw96MxuoEL78d+EvSnDRDumhWT49aKehG+x8BCFrUVyI4pJsOiHHXPnYcA==",
            "dependencies": {
                "@azure/functions": "^4.0.0-alpha.7",
                "axios": "^0.21.1",
                "debug": "~2.6.9",
                "lodash": "^4.17.15",
                "moment": "^2.29.2",
                "uuid": "~3.3.2",
                "validator": "~13.7.0"
            },
            "engines": {
                "node": ">=18.0"
            }
        },
        "node_modules/durable-functions/node_modules/@azure/functions": {
            "version": "4.0.0-alpha.7",
            "resolved": "https://registry.npmjs.org/@azure/functions/-/functions-4.0.0-alpha.7.tgz",
            "integrity": "sha512-omr809F6zsdCs0G9oKL7dkYCy0gSuiTkf7/XY5EDeS0JgswRY02vSf8+F85SXLRJTxwLWqbQ4JIwI6pReq8Tcw==",
            "dependencies": {
                "long": "^4.0.0",
                "undici": "^5.13.0"
            },
            "engines": {
                "node": ">=18.0"
            }
        },
        "node_modules/follow-redirects": {
            "version": "1.15.2",
            "resolved": "https://registry.npmjs.org/follow-redirects/-/follow-redirects-1.15.2.tgz",
            "integrity": "sha512-VQLG33o04KaQ8uYi2tVNbdrWp1QWxNNea+nmIB4EVM28v0hmP17z7aG1+wAkNzVq4KeXTq3221ye5qTJP91JwA==",
            "funding": [
                {
                    "type": "individual",
                    "url": "https://github.com/sponsors/RubenVerborgh"
                }
            ],
            "engines": {
                "node": ">=4.0"
            },
            "peerDependenciesMeta": {
                "debug": {
                    "optional": true
                }
            }
        },
        "node_modules/lodash": {
            "version": "4.17.21",
            "resolved": "https://registry.npmjs.org/lodash/-/lodash-4.17.21.tgz",
            "integrity": "sha512-v2kDEe57lecTulaDIuNTPy3Ry4gLGJ6Z1O3vE1krgXZNrsQ+LFTGHVxVjcXPs17LhbZVGedAJv8XZ1tvj5FvSg=="
        },
        "node_modules/long": {
            "version": "4.0.0",
            "resolved": "https://registry.npmjs.org/long/-/long-4.0.0.tgz",
            "integrity": "sha512-XsP+KhQif4bjX1kbuSiySJFNAehNxgLb6hPRGJ9QsUr8ajHkuXGdrHmFUTUUXhDwVX2R5bY4JNZEwbUiMhV+MA=="
        },
        "node_modules/luxon": {
            "version": "3.2.1",
            "resolved": "https://registry.npmjs.org/luxon/-/luxon-3.2.1.tgz",
            "integrity": "sha512-QrwPArQCNLAKGO/C+ZIilgIuDnEnKx5QYODdDtbFaxzsbZcc/a7WFq7MhsVYgRlwawLtvOUESTlfJ+hc/USqPg==",
            "engines": {
                "node": ">=12"
            }
        },
        "node_modules/moment": {
            "version": "2.29.4",
            "resolved": "https://registry.npmjs.org/moment/-/moment-2.29.4.tgz",
            "integrity": "sha512-5LC9SOxjSc2HF6vO2CyuTDNivEdoz2IvyJJGj6X8DJ0eFyfszE0QiEd+iXmBvUP3WHxSjFH/vIsA0EN00cgr8w==",
            "engines": {
                "node": "*"
            }
        },
        "node_modules/ms": {
            "version": "2.0.0",
            "resolved": "https://registry.npmjs.org/ms/-/ms-2.0.0.tgz",
            "integrity": "sha512-Tpp60P6IUJDTuOq/5Z8cdskzJujfwqfOTkrwIwj7IRISpnkJnT6SyJ4PCPnGMoFjC9ddhal5KVIYtAt97ix05A=="
        },
        "node_modules/streamsearch": {
            "version": "1.1.0",
            "resolved": "https://registry.npmjs.org/streamsearch/-/streamsearch-1.1.0.tgz",
            "integrity": "sha512-Mcc5wHehp9aXz1ax6bZUyY5afg9u2rv5cqQI3mRrYkGC8rW2hM02jWuwjtL++LS5qinSyhj2QfLyNsuc+VsExg==",
            "engines": {
                "node": ">=10.0.0"
            }
        },
        "node_modules/typescript": {
            "version": "4.9.4",
            "resolved": "https://registry.npmjs.org/typescript/-/typescript-4.9.4.tgz",
            "integrity": "sha512-Uz+dTXYzxXXbsFpM86Wh3dKCxrQqUcVMxwU54orwlJjOpO3ao8L7j5lH+dWfTwgCwIuM9GQ2kvVotzYJMXTBZg==",
            "dev": true,
            "bin": {
                "tsc": "bin/tsc",
                "tsserver": "bin/tsserver"
            },
            "engines": {
                "node": ">=4.2.0"
            }
        },
        "node_modules/undici": {
            "version": "5.16.0",
            "resolved": "https://registry.npmjs.org/undici/-/undici-5.16.0.tgz",
            "integrity": "sha512-KWBOXNv6VX+oJQhchXieUznEmnJMqgXMbs0xxH2t8q/FUAWSJvOSr/rMaZKnX5RIVq7JDn0JbP4BOnKG2SGXLQ==",
            "dependencies": {
                "busboy": "^1.6.0"
            },
            "engines": {
                "node": ">=12.18"
            }
        },
        "node_modules/uuid": {
            "version": "3.3.3",
            "resolved": "https://registry.npmjs.org/uuid/-/uuid-3.3.3.tgz",
            "integrity": "sha512-pW0No1RGHgzlpHJO1nsVrHKpOEIxkGg1xB+v0ZmdNH5OAeAwzAVrCnI2/6Mtx+Uys6iaylxa+D3g4j63IKKjSQ==",
            "deprecated": "Please upgrade  to version 7 or higher.  Older versions may use Math.random() in certain circumstances, which is known to be problematic.  See https://v8.dev/blog/math-random for details.",
            "bin": {
                "uuid": "bin/uuid"
            }
        },
        "node_modules/validator": {
            "version": "13.7.0",
            "resolved": "https://registry.npmjs.org/validator/-/validator-13.7.0.tgz",
            "integrity": "sha512-nYXQLCBkpJ8X6ltALua9dRrZDHVYxjJ1wgskNt1lH9fzGjs3tgojGSCBjmEPwkWS1y29+DrizMTW19Pr9uB2nw==",
            "engines": {
                "node": ">= 0.10"
            }
        }
    },
    "dependencies": {
        "@azure/functions": {
            "version": "file:../../../nodejs-worker/library",
            "requires": {
                "@types/chai": "^4.2.22",
                "@types/chai-as-promised": "^7.1.5",
                "@types/fs-extra": "^9.0.13",
                "@types/long": "^4.0.2",
                "@types/minimist": "^1.2.2",
                "@types/mocha": "^9.1.1",
                "@types/node": "^18.0.0",
                "@types/semver": "^7.3.9",
                "@typescript-eslint/eslint-plugin": "^5.12.1",
                "@typescript-eslint/parser": "^5.12.1",
                "chai": "^4.2.0",
                "chai-as-promised": "^7.1.1",
                "eslint": "^7.32.0",
                "eslint-config-prettier": "^8.3.0",
                "eslint-plugin-deprecation": "^1.3.2",
                "eslint-plugin-header": "^3.1.1",
                "eslint-plugin-prettier": "^4.0.0",
                "eslint-webpack-plugin": "^3.2.0",
                "fork-ts-checker-webpack-plugin": "^7.2.13",
                "fs-extra": "^10.0.1",
                "globby": "^11.0.0",
                "long": "^4.0.0",
                "minimist": "^1.2.6",
                "mocha": "^9.1.1",
                "mocha-junit-reporter": "^2.0.2",
                "mocha-multi-reporters": "^1.5.1",
                "prettier": "^2.4.1",
                "semver": "^7.3.5",
                "ts-loader": "^9.3.1",
                "ts-node": "^3.3.0",
                "typescript": "^4.5.5",
                "typescript4": "npm:typescript@~4.0.0",
                "undici": "^5.13.0",
                "webpack": "^5.74.0",
                "webpack-cli": "^4.10.0"
            }
        },
        "@types/luxon": {
            "version": "3.2.0",
            "resolved": "https://registry.npmjs.org/@types/luxon/-/luxon-3.2.0.tgz",
            "integrity": "sha512-lGmaGFoaXHuOLXFvuju2bfvZRqxAqkHPx9Y9IQdQABrinJJshJwfNCKV+u7rR3kJbiqfTF/NhOkcxxAFrObyaA==",
            "dev": true
        },
        "@types/node": {
            "version": "16.18.11",
            "resolved": "https://registry.npmjs.org/@types/node/-/node-16.18.11.tgz",
            "integrity": "sha512-3oJbGBUWuS6ahSnEq1eN2XrCyf4YsWI8OyCvo7c64zQJNplk3mO84t53o8lfTk+2ji59g5ycfc6qQ3fdHliHuA==",
            "dev": true
        },
        "axios": {
            "version": "0.21.4",
            "resolved": "https://registry.npmjs.org/axios/-/axios-0.21.4.tgz",
            "integrity": "sha512-ut5vewkiu8jjGBdqpM44XxjuCjq9LAKeHVmoVfHVzy8eHgxxq8SbAVQNovDA8mVi05kP0Ea/n/UzcSHcTJQfNg==",
            "requires": {
                "follow-redirects": "^1.14.0"
            }
        },
        "busboy": {
            "version": "1.6.0",
            "resolved": "https://registry.npmjs.org/busboy/-/busboy-1.6.0.tgz",
            "integrity": "sha512-8SFQbg/0hQ9xy3UNTB0YEnsNBbWfhf7RtnzpL7TkBiTBRfrQ9Fxcnz7VJsleJpyp6rVLvXiuORqjlHi5q+PYuA==",
            "requires": {
                "streamsearch": "^1.1.0"
            }
        },
        "debug": {
            "version": "2.6.9",
            "resolved": "https://registry.npmjs.org/debug/-/debug-2.6.9.tgz",
            "integrity": "sha512-bC7ElrdJaJnPbAP+1EotYvqZsb3ecl5wi6Bfi6BJTUcNowp6cvspg0jXznRTKDjm/E7AdgFBVeAPVMNcKGsHMA==",
            "requires": {
                "ms": "2.0.0"
            }
        },
        "durable-functions": {
            "version": "3.0.0-alpha.2",
            "resolved": "https://registry.npmjs.org/durable-functions/-/durable-functions-3.0.0-alpha.2.tgz",
            "integrity": "sha512-9WYt2VNr0Ti40PfGwfhGJkfRQK2xQw96MxuoEL78d+EvSnDRDumhWT49aKehG+x8BCFrUVyI4pJsOiHHXPnYcA==",
            "requires": {
                "@azure/functions": "^4.0.0-alpha.7",
                "axios": "^0.21.1",
                "debug": "~2.6.9",
                "lodash": "^4.17.15",
                "moment": "^2.29.2",
                "uuid": "~3.3.2",
                "validator": "~13.7.0"
            },
            "dependencies": {
                "@azure/functions": {
                    "version": "4.0.0-alpha.7",
                    "resolved": "https://registry.npmjs.org/@azure/functions/-/functions-4.0.0-alpha.7.tgz",
                    "integrity": "sha512-omr809F6zsdCs0G9oKL7dkYCy0gSuiTkf7/XY5EDeS0JgswRY02vSf8+F85SXLRJTxwLWqbQ4JIwI6pReq8Tcw==",
                    "requires": {
                        "long": "^4.0.0",
                        "undici": "^5.13.0"
                    }
                }
            }
        },
        "follow-redirects": {
            "version": "1.15.2",
            "resolved": "https://registry.npmjs.org/follow-redirects/-/follow-redirects-1.15.2.tgz",
            "integrity": "sha512-VQLG33o04KaQ8uYi2tVNbdrWp1QWxNNea+nmIB4EVM28v0hmP17z7aG1+wAkNzVq4KeXTq3221ye5qTJP91JwA=="
        },
        "lodash": {
            "version": "4.17.21",
            "resolved": "https://registry.npmjs.org/lodash/-/lodash-4.17.21.tgz",
            "integrity": "sha512-v2kDEe57lecTulaDIuNTPy3Ry4gLGJ6Z1O3vE1krgXZNrsQ+LFTGHVxVjcXPs17LhbZVGedAJv8XZ1tvj5FvSg=="
        },
        "long": {
            "version": "4.0.0",
            "resolved": "https://registry.npmjs.org/long/-/long-4.0.0.tgz",
            "integrity": "sha512-XsP+KhQif4bjX1kbuSiySJFNAehNxgLb6hPRGJ9QsUr8ajHkuXGdrHmFUTUUXhDwVX2R5bY4JNZEwbUiMhV+MA=="
        },
        "luxon": {
            "version": "3.2.1",
            "resolved": "https://registry.npmjs.org/luxon/-/luxon-3.2.1.tgz",
            "integrity": "sha512-QrwPArQCNLAKGO/C+ZIilgIuDnEnKx5QYODdDtbFaxzsbZcc/a7WFq7MhsVYgRlwawLtvOUESTlfJ+hc/USqPg=="
        },
        "moment": {
            "version": "2.29.4",
            "resolved": "https://registry.npmjs.org/moment/-/moment-2.29.4.tgz",
            "integrity": "sha512-5LC9SOxjSc2HF6vO2CyuTDNivEdoz2IvyJJGj6X8DJ0eFyfszE0QiEd+iXmBvUP3WHxSjFH/vIsA0EN00cgr8w=="
        },
        "ms": {
            "version": "2.0.0",
            "resolved": "https://registry.npmjs.org/ms/-/ms-2.0.0.tgz",
            "integrity": "sha512-Tpp60P6IUJDTuOq/5Z8cdskzJujfwqfOTkrwIwj7IRISpnkJnT6SyJ4PCPnGMoFjC9ddhal5KVIYtAt97ix05A=="
        },
        "streamsearch": {
            "version": "1.1.0",
            "resolved": "https://registry.npmjs.org/streamsearch/-/streamsearch-1.1.0.tgz",
            "integrity": "sha512-Mcc5wHehp9aXz1ax6bZUyY5afg9u2rv5cqQI3mRrYkGC8rW2hM02jWuwjtL++LS5qinSyhj2QfLyNsuc+VsExg=="
        },
        "typescript": {
            "version": "4.9.4",
            "resolved": "https://registry.npmjs.org/typescript/-/typescript-4.9.4.tgz",
            "integrity": "sha512-Uz+dTXYzxXXbsFpM86Wh3dKCxrQqUcVMxwU54orwlJjOpO3ao8L7j5lH+dWfTwgCwIuM9GQ2kvVotzYJMXTBZg==",
            "dev": true
        },
        "undici": {
            "version": "5.16.0",
            "resolved": "https://registry.npmjs.org/undici/-/undici-5.16.0.tgz",
            "integrity": "sha512-KWBOXNv6VX+oJQhchXieUznEmnJMqgXMbs0xxH2t8q/FUAWSJvOSr/rMaZKnX5RIVq7JDn0JbP4BOnKG2SGXLQ==",
            "requires": {
                "busboy": "^1.6.0"
            }
        },
        "uuid": {
            "version": "3.3.3",
            "resolved": "https://registry.npmjs.org/uuid/-/uuid-3.3.3.tgz",
            "integrity": "sha512-pW0No1RGHgzlpHJO1nsVrHKpOEIxkGg1xB+v0ZmdNH5OAeAwzAVrCnI2/6Mtx+Uys6iaylxa+D3g4j63IKKjSQ=="
        },
        "validator": {
            "version": "13.7.0",
            "resolved": "https://registry.npmjs.org/validator/-/validator-13.7.0.tgz",
            "integrity": "sha512-nYXQLCBkpJ8X6ltALua9dRrZDHVYxjJ1wgskNt1lH9fzGjs3tgojGSCBjmEPwkWS1y29+DrizMTW19Pr9uB2nw=="
        }
    }
}
