{
    "name": "test-app",
    "version": "1.0.0",
    "lockfileVersion": 2,
    "requires": true,
    "packages": {
        "": {
            "name": "test-app",
            "version": "1.0.0",
            "dependencies": {
                "@azure/functions": "^4.14.0",
                "durable-functions": "file:../.."
            },
            "devDependencies": {
                "@types/node": "^18.x",
                "typescript": "^4.7.2"
            }
        },
        "../..": {
            "name": "durable-functions",
            "version": "3.4.0",
            "license": "MIT",
            "dependencies": {
                "@azure/functions": "^4.14.0",
                "@opentelemetry/api": "^1.9.0",
                "axios": "1.17.0",
                "debug": "~2.6.9",
                "lodash": "^4.18.1",
                "moment": "^2.29.2",
                "uuid": "^9.0.1",
                "validator": "~13.15.20"
            },
            "devDependencies": {
                "@types/chai": "~4.1.6",
                "@types/chai-as-promised": "~7.1.0",
                "@types/chai-string": "~1.4.1",
                "@types/debug": "0.0.29",
                "@types/lodash": "^4.14.119",
                "@types/mocha": "^7.0.2",
                "@types/nock": "^9.3.0",
                "@types/node": "^18.0.0",
                "@types/rimraf": "0.0.28",
                "@types/sinon": "~5.0.5",
                "@types/uuid": "^9.0.7",
                "@types/validator": "^9.4.3",
                "@typescript-eslint/eslint-plugin": "^5.4.0",
                "@typescript-eslint/parser": "^5.4.0",
                "chai": "~4.2.0",
                "chai-as-promised": "~7.1.1",
                "chai-string": "~1.5.0",
                "eslint": "^8.57.1",
                "eslint-config-prettier": "^6.15.0",
                "eslint-plugin-prettier": "^3.4.1",
                "mocha": "^11.2.2",
                "nock": "^10.0.6",
                "prettier": "^2.0.5",
                "rimraf": "~2.5.4",
                "sinon": "~7.1.1",
                "ts-node": "^10.0.0",
                "typedoc": "^0.22.11",
                "typescript": "~4.5.0"
            },
            "engines": {
                "node": ">=18.0"
            }
        },
        "node_modules/@azure/functions": {
            "version": "4.16.1",
            "resolved": "https://registry.npmjs.org/@azure/functions/-/functions-4.16.1.tgz",
            "integrity": "sha512-A9obwC7IBg4NAmxUfTVfYEd8Xg6Px+o85JRprS3UJZt+GYYzIOmEecnFwTe3rl+aiHDewBk/8fnIVrSjR/fNGQ==",
            "license": "MIT",
            "dependencies": {
                "@azure/functions-extensions-base": "0.3.0",
                "cookie": "^0.7.0"
            },
            "engines": {
                "node": ">=20.0"
            }
        },
        "node_modules/@azure/functions-extensions-base": {
            "version": "0.3.0",
            "resolved": "https://registry.npmjs.org/@azure/functions-extensions-base/-/functions-extensions-base-0.3.0.tgz",
            "integrity": "sha512-Cux0hLu5ZXlC/Kb+yvJVhRLIdkfFwui2HeT5oGZL00r/GCUUkhGTzRfZUjRN4Bq729mPv3okPucz2z7SMQLStA==",
            "license": "MIT",
            "engines": {
                "node": ">=18.0"
            }
        },
        "node_modules/@types/node": {
            "version": "18.15.3",
            "resolved": "https://registry.npmjs.org/@types/node/-/node-18.15.3.tgz",
            "integrity": "sha512-p6ua9zBxz5otCmbpb5D3U4B5Nanw6Pk3PPyX05xnxbB/fRv71N7CPmORg7uAD5P70T0xmx1pzAx/FUfa5X+3cw==",
            "dev": true
        },
        "node_modules/cookie": {
            "version": "0.7.2",
            "resolved": "https://registry.npmjs.org/cookie/-/cookie-0.7.2.tgz",
            "integrity": "sha512-yki5XnKuf750l50uGTllt6kKILY4nQ1eNIQatoXEByZ5dWgnKqbnqmTrBE5B4N7lrMJKQ2ytWMiTO2o0v6Ew/w==",
            "license": "MIT",
            "engines": {
                "node": ">= 0.6"
            }
        },
        "node_modules/durable-functions": {
            "resolved": "../..",
            "link": true
        },
        "node_modules/typescript": {
            "version": "4.9.5",
            "resolved": "https://registry.npmjs.org/typescript/-/typescript-4.9.5.tgz",
            "integrity": "sha512-1FXk9E2Hm+QzZQ7z+McJiHL4NW1F2EzMu9Nq9i3zAaGqibafqYwCVU6WyWAuyQRRzOlxou8xZSyXLEN8oKj24g==",
            "dev": true,
            "bin": {
                "tsc": "bin/tsc",
                "tsserver": "bin/tsserver"
            },
            "engines": {
                "node": ">=4.2.0"
            }
        }
    },
    "dependencies": {
        "@azure/functions": {
            "version": "4.16.1",
            "resolved": "https://registry.npmjs.org/@azure/functions/-/functions-4.16.1.tgz",
            "integrity": "sha512-A9obwC7IBg4NAmxUfTVfYEd8Xg6Px+o85JRprS3UJZt+GYYzIOmEecnFwTe3rl+aiHDewBk/8fnIVrSjR/fNGQ==",
            "requires": {
                "@azure/functions-extensions-base": "0.3.0",
                "cookie": "^0.7.0"
            }
        },
        "@azure/functions-extensions-base": {
            "version": "0.3.0",
            "resolved": "https://registry.npmjs.org/@azure/functions-extensions-base/-/functions-extensions-base-0.3.0.tgz",
            "integrity": "sha512-Cux0hLu5ZXlC/Kb+yvJVhRLIdkfFwui2HeT5oGZL00r/GCUUkhGTzRfZUjRN4Bq729mPv3okPucz2z7SMQLStA=="
        },
        "@types/node": {
            "version": "18.15.3",
            "resolved": "https://registry.npmjs.org/@types/node/-/node-18.15.3.tgz",
            "integrity": "sha512-p6ua9zBxz5otCmbpb5D3U4B5Nanw6Pk3PPyX05xnxbB/fRv71N7CPmORg7uAD5P70T0xmx1pzAx/FUfa5X+3cw==",
            "dev": true
        },
        "cookie": {
            "version": "0.7.2",
            "resolved": "https://registry.npmjs.org/cookie/-/cookie-0.7.2.tgz",
            "integrity": "sha512-yki5XnKuf750l50uGTllt6kKILY4nQ1eNIQatoXEByZ5dWgnKqbnqmTrBE5B4N7lrMJKQ2ytWMiTO2o0v6Ew/w=="
        },
        "durable-functions": {
            "version": "file:../..",
            "requires": {
                "@azure/functions": "^4.14.0",
                "@opentelemetry/api": "^1.9.0",
                "@types/chai": "~4.1.6",
                "@types/chai-as-promised": "~7.1.0",
                "@types/chai-string": "~1.4.1",
                "@types/debug": "0.0.29",
                "@types/lodash": "^4.14.119",
                "@types/mocha": "^7.0.2",
                "@types/nock": "^9.3.0",
                "@types/node": "^18.0.0",
                "@types/rimraf": "0.0.28",
                "@types/sinon": "~5.0.5",
                "@types/uuid": "^9.0.7",
                "@types/validator": "^9.4.3",
                "@typescript-eslint/eslint-plugin": "^5.4.0",
                "@typescript-eslint/parser": "^5.4.0",
                "axios": "1.17.0",
                "chai": "~4.2.0",
                "chai-as-promised": "~7.1.1",
                "chai-string": "~1.5.0",
                "debug": "~2.6.9",
                "eslint": "^8.57.1",
                "eslint-config-prettier": "^6.15.0",
                "eslint-plugin-prettier": "^3.4.1",
                "lodash": "^4.18.1",
                "mocha": "^11.2.2",
                "moment": "^2.29.2",
                "nock": "^10.0.6",
                "prettier": "^2.0.5",
                "rimraf": "~2.5.4",
                "sinon": "~7.1.1",
                "ts-node": "^10.0.0",
                "typedoc": "^0.22.11",
                "typescript": "~4.5.0",
                "uuid": "^9.0.1",
                "validator": "~13.15.20"
            }
        },
        "typescript": {
            "version": "4.9.5",
            "resolved": "https://registry.npmjs.org/typescript/-/typescript-4.9.5.tgz",
            "integrity": "sha512-1FXk9E2Hm+QzZQ7z+McJiHL4NW1F2EzMu9Nq9i3zAaGqibafqYwCVU6WyWAuyQRRzOlxou8xZSyXLEN8oKj24g==",
            "dev": true
        }
    }
}
