{
    "name": "samples-js",
    "version": "1.0.0",
    "lockfileVersion": 2,
    "requires": true,
    "packages": {
        "": {
            "name": "samples-js",
            "version": "1.0.0",
            "dependencies": {
                "@azure/functions": "^4.7.0",
                "axios": "^1.10.0",
                "durable-functions": "file:../durable-functions",
                "luxon": "^3.2.1",
                "readdirp": "^3.6.0"
            }
        },
        "../durable-functions": {},
        "node_modules/@azure/functions": {
            "version": "4.7.0",
            "resolved": "https://registry.npmjs.org/@azure/functions/-/functions-4.7.0.tgz",
            "integrity": "sha512-y1caGX6LYrA7msAckQVb/quFOhWHSPiGzWfIML17t0ee2ydpinJTBF+Sti+URfLAH63dtmXJR4meraZkhhK9tw==",
            "license": "MIT",
            "dependencies": {
                "cookie": "^0.7.0",
                "long": "^4.0.0",
                "undici": "^5.13.0"
            },
            "engines": {
                "node": ">=18.0"
            }
        },
        "node_modules/@fastify/busboy": {
            "version": "2.0.0",
            "resolved": "https://registry.npmjs.org/@fastify/busboy/-/busboy-2.0.0.tgz",
            "integrity": "sha512-JUFJad5lv7jxj926GPgymrWQxxjPYuJNiNjNMzqT+HiuP6Vl3dk5xzG+8sTX96np0ZAluvaMzPsjhHZ5rNuNQQ==",
            "engines": {
                "node": ">=14"
            }
        },
        "node_modules/asynckit": {
            "version": "0.4.0",
            "license": "MIT"
        },
        "node_modules/axios": {
            "version": "1.10.0",
            "resolved": "https://registry.npmjs.org/axios/-/axios-1.10.0.tgz",
            "integrity": "sha512-/1xYAC4MP/HEG+3duIhFr4ZQXR4sQXOIe+o6sdqzeykGLx6Upp/1p8MHqhINOvGeP7xyNHe7tsiJByc4SSVUxw==",
            "license": "MIT",
            "dependencies": {
                "follow-redirects": "^1.15.6",
                "form-data": "^4.0.0",
                "proxy-from-env": "^1.1.0"
            }
        },
        "node_modules/combined-stream": {
            "version": "1.0.8",
            "license": "MIT",
            "dependencies": {
                "delayed-stream": "~1.0.0"
            },
            "engines": {
                "node": ">= 0.8"
            }
        },
        "node_modules/cookie": {
            "version": "0.7.2",
            "resolved": "https://registry.npmjs.org/cookie/-/cookie-0.7.2.tgz",
            "integrity": "sha512-yki5XnKuf750l50uGTllt6kKILY4nQ1eNIQatoXEByZ5dWgnKqbnqmTrBE5B4N7lrMJKQ2ytWMiTO2o0v6Ew/w==",
            "license": "MIT",
            "engines": {
                "node": ">= 0.6"
            }
        },
        "node_modules/delayed-stream": {
            "version": "1.0.0",
            "license": "MIT",
            "engines": {
                "node": ">=0.4.0"
            }
        },
        "node_modules/durable-functions": {
            "resolved": "../durable-functions",
            "link": true
        },
        "node_modules/follow-redirects": {
            "version": "1.15.6",
            "resolved": "https://registry.npmjs.org/follow-redirects/-/follow-redirects-1.15.6.tgz",
            "integrity": "sha512-wWN62YITEaOpSK584EZXJafH1AGpO8RVgElfkuXbTOrPX4fIfOyEpW/CsiNd8JdYrAoOvafRTOEnvsO++qCqFA==",
            "funding": [
                {
                    "type": "individual",
                    "url": "https://github.com/sponsors/RubenVerborgh"
                }
            ],
            "engines": {
                "node": ">=4.0"
            },
            "peerDependenciesMeta": {
                "debug": {
                    "optional": true
                }
            }
        },
        "node_modules/form-data": {
            "version": "4.0.0",
            "license": "MIT",
            "dependencies": {
                "asynckit": "^0.4.0",
                "combined-stream": "^1.0.8",
                "mime-types": "^2.1.12"
            },
            "engines": {
                "node": ">= 6"
            }
        },
        "node_modules/long": {
            "version": "4.0.0",
            "license": "Apache-2.0"
        },
        "node_modules/luxon": {
            "version": "3.2.1",
            "license": "MIT",
            "engines": {
                "node": ">=12"
            }
        },
        "node_modules/mime-db": {
            "version": "1.52.0",
            "license": "MIT",
            "engines": {
                "node": ">= 0.6"
            }
        },
        "node_modules/mime-types": {
            "version": "2.1.35",
            "license": "MIT",
            "dependencies": {
                "mime-db": "1.52.0"
            },
            "engines": {
                "node": ">= 0.6"
            }
        },
        "node_modules/picomatch": {
            "version": "2.3.1",
            "license": "MIT",
            "engines": {
                "node": ">=8.6"
            },
            "funding": {
                "url": "https://github.com/sponsors/jonschlinkert"
            }
        },
        "node_modules/proxy-from-env": {
            "version": "1.1.0",
            "license": "MIT"
        },
        "node_modules/readdirp": {
            "version": "3.6.0",
            "license": "MIT",
            "dependencies": {
                "picomatch": "^2.2.1"
            },
            "engines": {
                "node": ">=8.10.0"
            }
        },
        "node_modules/undici": {
            "version": "5.29.0",
            "resolved": "https://registry.npmjs.org/undici/-/undici-5.29.0.tgz",
            "integrity": "sha512-raqeBD6NQK4SkWhQzeYKd1KmIG6dllBOTt55Rmkt4HtI9mwdWtJljnrXjAFUBLTSN67HWrOIZ3EPF4kjUw80Bg==",
            "license": "MIT",
            "dependencies": {
                "@fastify/busboy": "^2.0.0"
            },
            "engines": {
                "node": ">=14.0"
            }
        }
    },
    "dependencies": {
        "@azure/functions": {
            "version": "4.7.0",
            "resolved": "https://registry.npmjs.org/@azure/functions/-/functions-4.7.0.tgz",
            "integrity": "sha512-y1caGX6LYrA7msAckQVb/quFOhWHSPiGzWfIML17t0ee2ydpinJTBF+Sti+URfLAH63dtmXJR4meraZkhhK9tw==",
            "requires": {
                "cookie": "^0.7.0",
                "long": "^4.0.0",
                "undici": "^5.13.0"
            }
        },
        "@fastify/busboy": {
            "version": "2.0.0",
            "resolved": "https://registry.npmjs.org/@fastify/busboy/-/busboy-2.0.0.tgz",
            "integrity": "sha512-JUFJad5lv7jxj926GPgymrWQxxjPYuJNiNjNMzqT+HiuP6Vl3dk5xzG+8sTX96np0ZAluvaMzPsjhHZ5rNuNQQ=="
        },
        "asynckit": {
            "version": "0.4.0"
        },
        "axios": {
            "version": "1.10.0",
            "resolved": "https://registry.npmjs.org/axios/-/axios-1.10.0.tgz",
            "integrity": "sha512-/1xYAC4MP/HEG+3duIhFr4ZQXR4sQXOIe+o6sdqzeykGLx6Upp/1p8MHqhINOvGeP7xyNHe7tsiJByc4SSVUxw==",
            "requires": {
                "follow-redirects": "^1.15.6",
                "form-data": "^4.0.0",
                "proxy-from-env": "^1.1.0"
            }
        },
        "combined-stream": {
            "version": "1.0.8",
            "requires": {
                "delayed-stream": "~1.0.0"
            }
        },
        "cookie": {
            "version": "0.7.2",
            "resolved": "https://registry.npmjs.org/cookie/-/cookie-0.7.2.tgz",
            "integrity": "sha512-yki5XnKuf750l50uGTllt6kKILY4nQ1eNIQatoXEByZ5dWgnKqbnqmTrBE5B4N7lrMJKQ2ytWMiTO2o0v6Ew/w=="
        },
        "delayed-stream": {
            "version": "1.0.0"
        },
        "durable-functions": {
            "version": "file:../durable-functions"
        },
        "follow-redirects": {
            "version": "1.15.6",
            "resolved": "https://registry.npmjs.org/follow-redirects/-/follow-redirects-1.15.6.tgz",
            "integrity": "sha512-wWN62YITEaOpSK584EZXJafH1AGpO8RVgElfkuXbTOrPX4fIfOyEpW/CsiNd8JdYrAoOvafRTOEnvsO++qCqFA=="
        },
        "form-data": {
            "version": "4.0.0",
            "requires": {
                "asynckit": "^0.4.0",
                "combined-stream": "^1.0.8",
                "mime-types": "^2.1.12"
            }
        },
        "long": {
            "version": "4.0.0"
        },
        "luxon": {
            "version": "3.2.1"
        },
        "mime-db": {
            "version": "1.52.0"
        },
        "mime-types": {
            "version": "2.1.35",
            "requires": {
                "mime-db": "1.52.0"
            }
        },
        "picomatch": {
            "version": "2.3.1"
        },
        "proxy-from-env": {
            "version": "1.1.0"
        },
        "readdirp": {
            "version": "3.6.0",
            "requires": {
                "picomatch": "^2.2.1"
            }
        },
        "undici": {
            "version": "5.29.0",
            "resolved": "https://registry.npmjs.org/undici/-/undici-5.29.0.tgz",
            "integrity": "sha512-raqeBD6NQK4SkWhQzeYKd1KmIG6dllBOTt55Rmkt4HtI9mwdWtJljnrXjAFUBLTSN67HWrOIZ3EPF4kjUw80Bg==",
            "requires": {
                "@fastify/busboy": "^2.0.0"
            }
        }
    }
}
