{
    "name": "samples-js",
    "version": "1.0.0",
    "lockfileVersion": 2,
    "requires": true,
    "packages": {
        "": {
            "name": "samples-js",
            "version": "1.0.0",
            "dependencies": {
                "@azure/functions": "^4.0.0-alpha.6",
                "@azure/storage-blob": "^12.12.0",
                "axios": "^1.2.3",
                "durable-functions": "^3.0.0-alpha.2",
                "luxon": "^3.2.1",
                "readdirp": "^3.6.0"
            }
        },
        "node_modules/@azure/abort-controller": {
            "version": "1.1.0",
            "license": "MIT",
            "dependencies": {
                "tslib": "^2.2.0"
            },
            "engines": {
                "node": ">=12.0.0"
            }
        },
        "node_modules/@azure/core-auth": {
            "version": "1.4.0",
            "license": "MIT",
            "dependencies": {
                "@azure/abort-controller": "^1.0.0",
                "tslib": "^2.2.0"
            },
            "engines": {
                "node": ">=12.0.0"
            }
        },
        "node_modules/@azure/core-http": {
            "version": "2.3.1",
            "license": "MIT",
            "dependencies": {
                "@azure/abort-controller": "^1.0.0",
                "@azure/core-auth": "^1.3.0",
                "@azure/core-tracing": "1.0.0-preview.13",
                "@azure/core-util": "^1.1.1",
                "@azure/logger": "^1.0.0",
                "@types/node-fetch": "^2.5.0",
                "@types/tunnel": "^0.0.3",
                "form-data": "^4.0.0",
                "node-fetch": "^2.6.7",
                "process": "^0.11.10",
                "tough-cookie": "^4.0.0",
                "tslib": "^2.2.0",
                "tunnel": "^0.0.6",
                "uuid": "^8.3.0",
                "xml2js": "^0.4.19"
            },
            "engines": {
                "node": ">=14.0.0"
            }
        },
        "node_modules/@azure/core-http/node_modules/uuid": {
            "version": "8.3.2",
            "license": "MIT",
            "bin": {
                "uuid": "dist/bin/uuid"
            }
        },
        "node_modules/@azure/core-lro": {
            "version": "2.5.0",
            "license": "MIT",
            "dependencies": {
                "@azure/abort-controller": "^1.0.0",
                "@azure/logger": "^1.0.0",
                "tslib": "^2.2.0"
            },
            "engines": {
                "node": ">=14.0.0"
            }
        },
        "node_modules/@azure/core-paging": {
            "version": "1.4.0",
            "license": "MIT",
            "dependencies": {
                "tslib": "^2.2.0"
            },
            "engines": {
                "node": ">=14.0.0"
            }
        },
        "node_modules/@azure/core-tracing": {
            "version": "1.0.0-preview.13",
            "license": "MIT",
            "dependencies": {
                "@opentelemetry/api": "^1.0.1",
                "tslib": "^2.2.0"
            },
            "engines": {
                "node": ">=12.0.0"
            }
        },
        "node_modules/@azure/core-util": {
            "version": "1.1.1",
            "license": "MIT",
            "dependencies": {
                "@azure/abort-controller": "^1.0.0",
                "tslib": "^2.2.0"
            },
            "engines": {
                "node": ">=12.0.0"
            }
        },
        "node_modules/@azure/functions": {
            "version": "4.0.0-alpha.7",
            "resolved": "https://registry.npmjs.org/@azure/functions/-/functions-4.0.0-alpha.7.tgz",
            "integrity": "sha512-omr809F6zsdCs0G9oKL7dkYCy0gSuiTkf7/XY5EDeS0JgswRY02vSf8+F85SXLRJTxwLWqbQ4JIwI6pReq8Tcw==",
            "dependencies": {
                "long": "^4.0.0",
                "undici": "^5.13.0"
            },
            "engines": {
                "node": ">=18.0"
            }
        },
        "node_modules/@azure/logger": {
            "version": "1.0.3",
            "license": "MIT",
            "dependencies": {
                "tslib": "^2.2.0"
            },
            "engines": {
                "node": ">=12.0.0"
            }
        },
        "node_modules/@azure/storage-blob": {
            "version": "12.12.0",
            "license": "MIT",
            "dependencies": {
                "@azure/abort-controller": "^1.0.0",
                "@azure/core-http": "^2.0.0",
                "@azure/core-lro": "^2.2.0",
                "@azure/core-paging": "^1.1.1",
                "@azure/core-tracing": "1.0.0-preview.13",
                "@azure/logger": "^1.0.0",
                "events": "^3.0.0",
                "tslib": "^2.2.0"
            },
            "engines": {
                "node": ">=12.0.0"
            }
        },
        "node_modules/@opentelemetry/api": {
            "version": "1.4.0",
            "license": "Apache-2.0",
            "engines": {
                "node": ">=8.0.0"
            }
        },
        "node_modules/@types/node": {
            "version": "18.11.18",
            "license": "MIT"
        },
        "node_modules/@types/node-fetch": {
            "version": "2.6.2",
            "license": "MIT",
            "dependencies": {
                "@types/node": "*",
                "form-data": "^3.0.0"
            }
        },
        "node_modules/@types/node-fetch/node_modules/form-data": {
            "version": "3.0.1",
            "license": "MIT",
            "dependencies": {
                "asynckit": "^0.4.0",
                "combined-stream": "^1.0.8",
                "mime-types": "^2.1.12"
            },
            "engines": {
                "node": ">= 6"
            }
        },
        "node_modules/@types/tunnel": {
            "version": "0.0.3",
            "license": "MIT",
            "dependencies": {
                "@types/node": "*"
            }
        },
        "node_modules/asynckit": {
            "version": "0.4.0",
            "license": "MIT"
        },
        "node_modules/axios": {
            "version": "1.2.3",
            "license": "MIT",
            "dependencies": {
                "follow-redirects": "^1.15.0",
                "form-data": "^4.0.0",
                "proxy-from-env": "^1.1.0"
            }
        },
        "node_modules/busboy": {
            "version": "1.6.0",
            "dependencies": {
                "streamsearch": "^1.1.0"
            },
            "engines": {
                "node": ">=10.16.0"
            }
        },
        "node_modules/combined-stream": {
            "version": "1.0.8",
            "license": "MIT",
            "dependencies": {
                "delayed-stream": "~1.0.0"
            },
            "engines": {
                "node": ">= 0.8"
            }
        },
        "node_modules/debug": {
            "version": "2.6.9",
            "resolved": "https://registry.npmjs.org/debug/-/debug-2.6.9.tgz",
            "integrity": "sha512-bC7ElrdJaJnPbAP+1EotYvqZsb3ecl5wi6Bfi6BJTUcNowp6cvspg0jXznRTKDjm/E7AdgFBVeAPVMNcKGsHMA==",
            "dependencies": {
                "ms": "2.0.0"
            }
        },
        "node_modules/delayed-stream": {
            "version": "1.0.0",
            "license": "MIT",
            "engines": {
                "node": ">=0.4.0"
            }
        },
        "node_modules/durable-functions": {
            "version": "3.0.0-alpha.2",
            "resolved": "https://registry.npmjs.org/durable-functions/-/durable-functions-3.0.0-alpha.2.tgz",
            "integrity": "sha512-9WYt2VNr0Ti40PfGwfhGJkfRQK2xQw96MxuoEL78d+EvSnDRDumhWT49aKehG+x8BCFrUVyI4pJsOiHHXPnYcA==",
            "dependencies": {
                "@azure/functions": "^4.0.0-alpha.7",
                "axios": "^0.21.1",
                "debug": "~2.6.9",
                "lodash": "^4.17.15",
                "moment": "^2.29.2",
                "uuid": "~3.3.2",
                "validator": "~13.7.0"
            },
            "engines": {
                "node": ">=18.0"
            }
        },
        "node_modules/durable-functions/node_modules/axios": {
            "version": "0.21.4",
            "resolved": "https://registry.npmjs.org/axios/-/axios-0.21.4.tgz",
            "integrity": "sha512-ut5vewkiu8jjGBdqpM44XxjuCjq9LAKeHVmoVfHVzy8eHgxxq8SbAVQNovDA8mVi05kP0Ea/n/UzcSHcTJQfNg==",
            "dependencies": {
                "follow-redirects": "^1.14.0"
            }
        },
        "node_modules/events": {
            "version": "3.3.0",
            "license": "MIT",
            "engines": {
                "node": ">=0.8.x"
            }
        },
        "node_modules/follow-redirects": {
            "version": "1.15.2",
            "funding": [
                {
                    "type": "individual",
                    "url": "https://github.com/sponsors/RubenVerborgh"
                }
            ],
            "license": "MIT",
            "engines": {
                "node": ">=4.0"
            },
            "peerDependenciesMeta": {
                "debug": {
                    "optional": true
                }
            }
        },
        "node_modules/form-data": {
            "version": "4.0.0",
            "license": "MIT",
            "dependencies": {
                "asynckit": "^0.4.0",
                "combined-stream": "^1.0.8",
                "mime-types": "^2.1.12"
            },
            "engines": {
                "node": ">= 6"
            }
        },
        "node_modules/lodash": {
            "version": "4.17.21",
            "resolved": "https://registry.npmjs.org/lodash/-/lodash-4.17.21.tgz",
            "integrity": "sha512-v2kDEe57lecTulaDIuNTPy3Ry4gLGJ6Z1O3vE1krgXZNrsQ+LFTGHVxVjcXPs17LhbZVGedAJv8XZ1tvj5FvSg=="
        },
        "node_modules/long": {
            "version": "4.0.0",
            "license": "Apache-2.0"
        },
        "node_modules/luxon": {
            "version": "3.2.1",
            "license": "MIT",
            "engines": {
                "node": ">=12"
            }
        },
        "node_modules/mime-db": {
            "version": "1.52.0",
            "license": "MIT",
            "engines": {
                "node": ">= 0.6"
            }
        },
        "node_modules/mime-types": {
            "version": "2.1.35",
            "license": "MIT",
            "dependencies": {
                "mime-db": "1.52.0"
            },
            "engines": {
                "node": ">= 0.6"
            }
        },
        "node_modules/moment": {
            "version": "2.29.4",
            "resolved": "https://registry.npmjs.org/moment/-/moment-2.29.4.tgz",
            "integrity": "sha512-5LC9SOxjSc2HF6vO2CyuTDNivEdoz2IvyJJGj6X8DJ0eFyfszE0QiEd+iXmBvUP3WHxSjFH/vIsA0EN00cgr8w==",
            "engines": {
                "node": "*"
            }
        },
        "node_modules/ms": {
            "version": "2.0.0",
            "resolved": "https://registry.npmjs.org/ms/-/ms-2.0.0.tgz",
            "integrity": "sha512-Tpp60P6IUJDTuOq/5Z8cdskzJujfwqfOTkrwIwj7IRISpnkJnT6SyJ4PCPnGMoFjC9ddhal5KVIYtAt97ix05A=="
        },
        "node_modules/node-fetch": {
            "version": "2.6.8",
            "license": "MIT",
            "dependencies": {
                "whatwg-url": "^5.0.0"
            },
            "engines": {
                "node": "4.x || >=6.0.0"
            },
            "peerDependencies": {
                "encoding": "^0.1.0"
            },
            "peerDependenciesMeta": {
                "encoding": {
                    "optional": true
                }
            }
        },
        "node_modules/picomatch": {
            "version": "2.3.1",
            "license": "MIT",
            "engines": {
                "node": ">=8.6"
            },
            "funding": {
                "url": "https://github.com/sponsors/jonschlinkert"
            }
        },
        "node_modules/process": {
            "version": "0.11.10",
            "license": "MIT",
            "engines": {
                "node": ">= 0.6.0"
            }
        },
        "node_modules/proxy-from-env": {
            "version": "1.1.0",
            "license": "MIT"
        },
        "node_modules/psl": {
            "version": "1.9.0",
            "license": "MIT"
        },
        "node_modules/punycode": {
            "version": "2.3.0",
            "license": "MIT",
            "engines": {
                "node": ">=6"
            }
        },
        "node_modules/querystringify": {
            "version": "2.2.0",
            "license": "MIT"
        },
        "node_modules/readdirp": {
            "version": "3.6.0",
            "license": "MIT",
            "dependencies": {
                "picomatch": "^2.2.1"
            },
            "engines": {
                "node": ">=8.10.0"
            }
        },
        "node_modules/requires-port": {
            "version": "1.0.0",
            "license": "MIT"
        },
        "node_modules/sax": {
            "version": "1.2.4",
            "license": "ISC"
        },
        "node_modules/streamsearch": {
            "version": "1.1.0",
            "engines": {
                "node": ">=10.0.0"
            }
        },
        "node_modules/tough-cookie": {
            "version": "4.1.2",
            "license": "BSD-3-Clause",
            "dependencies": {
                "psl": "^1.1.33",
                "punycode": "^2.1.1",
                "universalify": "^0.2.0",
                "url-parse": "^1.5.3"
            },
            "engines": {
                "node": ">=6"
            }
        },
        "node_modules/tr46": {
            "version": "0.0.3",
            "license": "MIT"
        },
        "node_modules/tslib": {
            "version": "2.4.1",
            "license": "0BSD"
        },
        "node_modules/tunnel": {
            "version": "0.0.6",
            "license": "MIT",
            "engines": {
                "node": ">=0.6.11 <=0.7.0 || >=0.7.3"
            }
        },
        "node_modules/undici": {
            "version": "5.16.0",
            "license": "MIT",
            "dependencies": {
                "busboy": "^1.6.0"
            },
            "engines": {
                "node": ">=12.18"
            }
        },
        "node_modules/universalify": {
            "version": "0.2.0",
            "license": "MIT",
            "engines": {
                "node": ">= 4.0.0"
            }
        },
        "node_modules/url-parse": {
            "version": "1.5.10",
            "license": "MIT",
            "dependencies": {
                "querystringify": "^2.1.1",
                "requires-port": "^1.0.0"
            }
        },
        "node_modules/uuid": {
            "version": "3.3.3",
            "resolved": "https://registry.npmjs.org/uuid/-/uuid-3.3.3.tgz",
            "integrity": "sha512-pW0No1RGHgzlpHJO1nsVrHKpOEIxkGg1xB+v0ZmdNH5OAeAwzAVrCnI2/6Mtx+Uys6iaylxa+D3g4j63IKKjSQ==",
            "deprecated": "Please upgrade  to version 7 or higher.  Older versions may use Math.random() in certain circumstances, which is known to be problematic.  See https://v8.dev/blog/math-random for details.",
            "bin": {
                "uuid": "bin/uuid"
            }
        },
        "node_modules/validator": {
            "version": "13.7.0",
            "resolved": "https://registry.npmjs.org/validator/-/validator-13.7.0.tgz",
            "integrity": "sha512-nYXQLCBkpJ8X6ltALua9dRrZDHVYxjJ1wgskNt1lH9fzGjs3tgojGSCBjmEPwkWS1y29+DrizMTW19Pr9uB2nw==",
            "engines": {
                "node": ">= 0.10"
            }
        },
        "node_modules/webidl-conversions": {
            "version": "3.0.1",
            "license": "BSD-2-Clause"
        },
        "node_modules/whatwg-url": {
            "version": "5.0.0",
            "license": "MIT",
            "dependencies": {
                "tr46": "~0.0.3",
                "webidl-conversions": "^3.0.0"
            }
        },
        "node_modules/xml2js": {
            "version": "0.4.23",
            "license": "MIT",
            "dependencies": {
                "sax": ">=0.6.0",
                "xmlbuilder": "~11.0.0"
            },
            "engines": {
                "node": ">=4.0.0"
            }
        },
        "node_modules/xmlbuilder": {
            "version": "11.0.1",
            "license": "MIT",
            "engines": {
                "node": ">=4.0"
            }
        }
    },
    "dependencies": {
        "@azure/abort-controller": {
            "version": "1.1.0",
            "requires": {
                "tslib": "^2.2.0"
            }
        },
        "@azure/core-auth": {
            "version": "1.4.0",
            "requires": {
                "@azure/abort-controller": "^1.0.0",
                "tslib": "^2.2.0"
            }
        },
        "@azure/core-http": {
            "version": "2.3.1",
            "requires": {
                "@azure/abort-controller": "^1.0.0",
                "@azure/core-auth": "^1.3.0",
                "@azure/core-tracing": "1.0.0-preview.13",
                "@azure/core-util": "^1.1.1",
                "@azure/logger": "^1.0.0",
                "@types/node-fetch": "^2.5.0",
                "@types/tunnel": "^0.0.3",
                "form-data": "^4.0.0",
                "node-fetch": "^2.6.7",
                "process": "^0.11.10",
                "tough-cookie": "^4.0.0",
                "tslib": "^2.2.0",
                "tunnel": "^0.0.6",
                "uuid": "^8.3.0",
                "xml2js": "^0.4.19"
            },
            "dependencies": {
                "uuid": {
                    "version": "8.3.2"
                }
            }
        },
        "@azure/core-lro": {
            "version": "2.5.0",
            "requires": {
                "@azure/abort-controller": "^1.0.0",
                "@azure/logger": "^1.0.0",
                "tslib": "^2.2.0"
            }
        },
        "@azure/core-paging": {
            "version": "1.4.0",
            "requires": {
                "tslib": "^2.2.0"
            }
        },
        "@azure/core-tracing": {
            "version": "1.0.0-preview.13",
            "requires": {
                "@opentelemetry/api": "^1.0.1",
                "tslib": "^2.2.0"
            }
        },
        "@azure/core-util": {
            "version": "1.1.1",
            "requires": {
                "@azure/abort-controller": "^1.0.0",
                "tslib": "^2.2.0"
            }
        },
        "@azure/functions": {
            "version": "4.0.0-alpha.7",
            "resolved": "https://registry.npmjs.org/@azure/functions/-/functions-4.0.0-alpha.7.tgz",
            "integrity": "sha512-omr809F6zsdCs0G9oKL7dkYCy0gSuiTkf7/XY5EDeS0JgswRY02vSf8+F85SXLRJTxwLWqbQ4JIwI6pReq8Tcw==",
            "requires": {
                "long": "^4.0.0",
                "undici": "^5.13.0"
            }
        },
        "@azure/logger": {
            "version": "1.0.3",
            "requires": {
                "tslib": "^2.2.0"
            }
        },
        "@azure/storage-blob": {
            "version": "12.12.0",
            "requires": {
                "@azure/abort-controller": "^1.0.0",
                "@azure/core-http": "^2.0.0",
                "@azure/core-lro": "^2.2.0",
                "@azure/core-paging": "^1.1.1",
                "@azure/core-tracing": "1.0.0-preview.13",
                "@azure/logger": "^1.0.0",
                "events": "^3.0.0",
                "tslib": "^2.2.0"
            }
        },
        "@opentelemetry/api": {
            "version": "1.4.0"
        },
        "@types/node": {
            "version": "18.11.18"
        },
        "@types/node-fetch": {
            "version": "2.6.2",
            "requires": {
                "@types/node": "*",
                "form-data": "^3.0.0"
            },
            "dependencies": {
                "form-data": {
                    "version": "3.0.1",
                    "requires": {
                        "asynckit": "^0.4.0",
                        "combined-stream": "^1.0.8",
                        "mime-types": "^2.1.12"
                    }
                }
            }
        },
        "@types/tunnel": {
            "version": "0.0.3",
            "requires": {
                "@types/node": "*"
            }
        },
        "asynckit": {
            "version": "0.4.0"
        },
        "axios": {
            "version": "1.2.3",
            "requires": {
                "follow-redirects": "^1.15.0",
                "form-data": "^4.0.0",
                "proxy-from-env": "^1.1.0"
            }
        },
        "busboy": {
            "version": "1.6.0",
            "requires": {
                "streamsearch": "^1.1.0"
            }
        },
        "combined-stream": {
            "version": "1.0.8",
            "requires": {
                "delayed-stream": "~1.0.0"
            }
        },
        "debug": {
            "version": "2.6.9",
            "resolved": "https://registry.npmjs.org/debug/-/debug-2.6.9.tgz",
            "integrity": "sha512-bC7ElrdJaJnPbAP+1EotYvqZsb3ecl5wi6Bfi6BJTUcNowp6cvspg0jXznRTKDjm/E7AdgFBVeAPVMNcKGsHMA==",
            "requires": {
                "ms": "2.0.0"
            }
        },
        "delayed-stream": {
            "version": "1.0.0"
        },
        "durable-functions": {
            "version": "3.0.0-alpha.2",
            "resolved": "https://registry.npmjs.org/durable-functions/-/durable-functions-3.0.0-alpha.2.tgz",
            "integrity": "sha512-9WYt2VNr0Ti40PfGwfhGJkfRQK2xQw96MxuoEL78d+EvSnDRDumhWT49aKehG+x8BCFrUVyI4pJsOiHHXPnYcA==",
            "requires": {
                "@azure/functions": "^4.0.0-alpha.7",
                "axios": "^0.21.1",
                "debug": "~2.6.9",
                "lodash": "^4.17.15",
                "moment": "^2.29.2",
                "uuid": "~3.3.2",
                "validator": "~13.7.0"
            },
            "dependencies": {
                "axios": {
                    "version": "0.21.4",
                    "resolved": "https://registry.npmjs.org/axios/-/axios-0.21.4.tgz",
                    "integrity": "sha512-ut5vewkiu8jjGBdqpM44XxjuCjq9LAKeHVmoVfHVzy8eHgxxq8SbAVQNovDA8mVi05kP0Ea/n/UzcSHcTJQfNg==",
                    "requires": {
                        "follow-redirects": "^1.14.0"
                    }
                }
            }
        },
        "events": {
            "version": "3.3.0"
        },
        "follow-redirects": {
            "version": "1.15.2"
        },
        "form-data": {
            "version": "4.0.0",
            "requires": {
                "asynckit": "^0.4.0",
                "combined-stream": "^1.0.8",
                "mime-types": "^2.1.12"
            }
        },
        "lodash": {
            "version": "4.17.21",
            "resolved": "https://registry.npmjs.org/lodash/-/lodash-4.17.21.tgz",
            "integrity": "sha512-v2kDEe57lecTulaDIuNTPy3Ry4gLGJ6Z1O3vE1krgXZNrsQ+LFTGHVxVjcXPs17LhbZVGedAJv8XZ1tvj5FvSg=="
        },
        "long": {
            "version": "4.0.0"
        },
        "luxon": {
            "version": "3.2.1"
        },
        "mime-db": {
            "version": "1.52.0"
        },
        "mime-types": {
            "version": "2.1.35",
            "requires": {
                "mime-db": "1.52.0"
            }
        },
        "moment": {
            "version": "2.29.4",
            "resolved": "https://registry.npmjs.org/moment/-/moment-2.29.4.tgz",
            "integrity": "sha512-5LC9SOxjSc2HF6vO2CyuTDNivEdoz2IvyJJGj6X8DJ0eFyfszE0QiEd+iXmBvUP3WHxSjFH/vIsA0EN00cgr8w=="
        },
        "ms": {
            "version": "2.0.0",
            "resolved": "https://registry.npmjs.org/ms/-/ms-2.0.0.tgz",
            "integrity": "sha512-Tpp60P6IUJDTuOq/5Z8cdskzJujfwqfOTkrwIwj7IRISpnkJnT6SyJ4PCPnGMoFjC9ddhal5KVIYtAt97ix05A=="
        },
        "node-fetch": {
            "version": "2.6.8",
            "requires": {
                "whatwg-url": "^5.0.0"
            }
        },
        "picomatch": {
            "version": "2.3.1"
        },
        "process": {
            "version": "0.11.10"
        },
        "proxy-from-env": {
            "version": "1.1.0"
        },
        "psl": {
            "version": "1.9.0"
        },
        "punycode": {
            "version": "2.3.0"
        },
        "querystringify": {
            "version": "2.2.0"
        },
        "readdirp": {
            "version": "3.6.0",
            "requires": {
                "picomatch": "^2.2.1"
            }
        },
        "requires-port": {
            "version": "1.0.0"
        },
        "sax": {
            "version": "1.2.4"
        },
        "streamsearch": {
            "version": "1.1.0"
        },
        "tough-cookie": {
            "version": "4.1.2",
            "requires": {
                "psl": "^1.1.33",
                "punycode": "^2.1.1",
                "universalify": "^0.2.0",
                "url-parse": "^1.5.3"
            }
        },
        "tr46": {
            "version": "0.0.3"
        },
        "tslib": {
            "version": "2.4.1"
        },
        "tunnel": {
            "version": "0.0.6"
        },
        "undici": {
            "version": "5.16.0",
            "requires": {
                "busboy": "^1.6.0"
            }
        },
        "universalify": {
            "version": "0.2.0"
        },
        "url-parse": {
            "version": "1.5.10",
            "requires": {
                "querystringify": "^2.1.1",
                "requires-port": "^1.0.0"
            }
        },
        "uuid": {
            "version": "3.3.3",
            "resolved": "https://registry.npmjs.org/uuid/-/uuid-3.3.3.tgz",
            "integrity": "sha512-pW0No1RGHgzlpHJO1nsVrHKpOEIxkGg1xB+v0ZmdNH5OAeAwzAVrCnI2/6Mtx+Uys6iaylxa+D3g4j63IKKjSQ=="
        },
        "validator": {
            "version": "13.7.0",
            "resolved": "https://registry.npmjs.org/validator/-/validator-13.7.0.tgz",
            "integrity": "sha512-nYXQLCBkpJ8X6ltALua9dRrZDHVYxjJ1wgskNt1lH9fzGjs3tgojGSCBjmEPwkWS1y29+DrizMTW19Pr9uB2nw=="
        },
        "webidl-conversions": {
            "version": "3.0.1"
        },
        "whatwg-url": {
            "version": "5.0.0",
            "requires": {
                "tr46": "~0.0.3",
                "webidl-conversions": "^3.0.0"
            }
        },
        "xml2js": {
            "version": "0.4.23",
            "requires": {
                "sax": ">=0.6.0",
                "xmlbuilder": "~11.0.0"
            }
        },
        "xmlbuilder": {
            "version": "11.0.1"
        }
    }
}
